
Microsoft Visual Studio Solution File, Format Version 12.00
# Visual Studio 15
VisualStudioVersion = 15.0.27703.2026
MinimumVisualStudioVersion = 10.0.40219.1
Project("{FAE04EC0-301F-11D3-BF4B-00C04F79EFBC}") = "WebApp", "WebApp\WebApp.csproj", "{9094FB3D-F207-44A9-A72F-CF1271D734CA}"
EndProject
Global
	GlobalSection(SolutionConfigurationPlatforms) = preSolution
		Debug|Any CPU = Debug|Any CPU
		Release|Any CPU = Release|Any CPU
	EndGlobalSection
	GlobalSection(ProjectConfigurationPlatforms) = postSolution
		{9094FB3D-F207-44A9-A72F-CF1271D734CA}.Debug|Any CPU.ActiveCfg = Debug|Any CPU
		{9094FB3D-F207-44A9-A72F-CF1271D734CA}.Debug|Any CPU.Build.0 = Debug|Any CPU
		{9094FB3D-F207-44A9-A72F-CF1271D734CA}.Release|Any CPU.ActiveCfg = Release|Any CPU
		{9094FB3D-F207-44A9-A72F-CF1271D734CA}.Release|Any CPU.Build.0 = Release|Any CPU
	EndGlobalSection
	GlobalSection(SolutionProperties) = preSolution
		HideSolutionNode = FALSE
	EndGlobalSection
	GlobalSection(ExtensibilityGlobals) = postSolution
		SolutionGuid = {5ECFFBEA-CCB7-462A-A889-F7E4D75169E9}
	EndGlobalSection
EndGlobal
