
Microsoft Visual Studio Solution File, Format Version 12.00
# Visual Studio 15
VisualStudioVersion = 15.0.27703.2026
MinimumVisualStudioVersion = 10.0.40219.1
Project("{FAE04EC0-301F-11D3-BF4B-00C04F79EFBC}") = "WebApp", "WebApp\WebApp.csproj", "{C260DD09-AC5F-406E-8DD0-42EA63077275}"
EndProject
Project("{FAE04EC0-301F-11D3-BF4B-00C04F79EFBC}") = "NorthwindSystem", "NorthwindSystem\NorthwindSystem.csproj", "{595DB3A7-2EFB-46C4-B169-059EADF41CDE}"
EndProject
Project("{FAE04EC0-301F-11D3-BF4B-00C04F79EFBC}") = "NorthwindData", "NorthwindData\NorthwindData.csproj", "{4002B11D-4251-4FFD-8DC0-2BB877F48087}"
EndProject
Global
	GlobalSection(SolutionConfigurationPlatforms) = preSolution
		Debug|Any CPU = Debug|Any CPU
		Release|Any CPU = Release|Any CPU
	EndGlobalSection
	GlobalSection(ProjectConfigurationPlatforms) = postSolution
		{C260DD09-AC5F-406E-8DD0-42EA63077275}.Debug|Any CPU.ActiveCfg = Debug|Any CPU
		{C260DD09-AC5F-406E-8DD0-42EA63077275}.Debug|Any CPU.Build.0 = Debug|Any CPU
		{C260DD09-AC5F-406E-8DD0-42EA63077275}.Release|Any CPU.ActiveCfg = Release|Any CPU
		{C260DD09-AC5F-406E-8DD0-42EA63077275}.Release|Any CPU.Build.0 = Release|Any CPU
		{595DB3A7-2EFB-46C4-B169-059EADF41CDE}.Debug|Any CPU.ActiveCfg = Debug|Any CPU
		{595DB3A7-2EFB-46C4-B169-059EADF41CDE}.Debug|Any CPU.Build.0 = Debug|Any CPU
		{595DB3A7-2EFB-46C4-B169-059EADF41CDE}.Release|Any CPU.ActiveCfg = Release|Any CPU
		{595DB3A7-2EFB-46C4-B169-059EADF41CDE}.Release|Any CPU.Build.0 = Release|Any CPU
		{4002B11D-4251-4FFD-8DC0-2BB877F48087}.Debug|Any CPU.ActiveCfg = Debug|Any CPU
		{4002B11D-4251-4FFD-8DC0-2BB877F48087}.Debug|Any CPU.Build.0 = Debug|Any CPU
		{4002B11D-4251-4FFD-8DC0-2BB877F48087}.Release|Any CPU.ActiveCfg = Release|Any CPU
		{4002B11D-4251-4FFD-8DC0-2BB877F48087}.Release|Any CPU.Build.0 = Release|Any CPU
	EndGlobalSection
	GlobalSection(SolutionProperties) = preSolution
		HideSolutionNode = FALSE
	EndGlobalSection
	GlobalSection(ExtensibilityGlobals) = postSolution
		SolutionGuid = {7CD2FB44-AA38-43C9-8C46-CFDBD1082344}
	EndGlobalSection
EndGlobal
